{
    "_readme": [
        "This file locks the dependencies of your project to a known state",
        "Read more about it at http://getcomposer.org/doc/01-basic-usage.md#composer-lock-the-lock-file",
        "This file is @generated automatically"
    ],
    "hash": "4a04334b3dd6d78434c1a63b74736f62",
    "packages": [
        {
            "name": "cascade/admin",
            "version": "dev-master",
            "source": {
                "type": "git",
                "url": "ssh://git@akvarko.frozen-doe.net/cascade/plugin/admin.git",
                "reference": "55c3b73e858ed9c925737df7e8790dea3fba10a4"
            },
            "require": {
                "cascade/composer-plugin": ">=1.1",
                "cascade/core": ">=0.11"
            },
            "type": "cascade-plugin",
            "extra": {
                "plugin": "admin"
            },
            "license": [
                "Apache-2.0"
            ],
            "authors": [
                {
                    "name": "Josef Kufner",
                    "email": "jk@frozen-doe.net"
                }
            ],
            "description": "Administration infrastructure",
            "time": "2014-05-19 12:24:38"
        },
        {
            "name": "cascade/block_editor",
            "version": "dev-master",
            "source": {
                "type": "git",
                "url": "ssh://git@akvarko.frozen-doe.net/cascade/plugin/block_editor.git",
                "reference": "2c78af4b8d360182e3a69583cb2ffcc0273d01ea"
            },
            "require": {
                "cascade/admin": "dev-master",
                "cascade/composer-plugin": ">=1.1"
            },
            "type": "cascade-plugin",
            "extra": {
                "plugin": "block_editor"
            },
            "license": [
                "Apache-2.0"
            ],
            "authors": [
                {
                    "name": "Josef Kufner",
                    "email": "jk@frozen-doe.net"
                }
            ],
            "description": "Visual block editor",
            "time": "2014-05-27 17:23:05"
        },
        {
            "name": "cascade/book",
            "version": "dev-master",
            "source": {
                "type": "git",
                "url": "ssh://git@akvarko.frozen-doe.net/cascade/plugin/book.git",
                "reference": "1ab8725bdf15cf43cb083b8dc2405ef6737d3adc"
            },
            "require": {
                "cascade/composer-plugin": ">=1.1",
                "michelf/php-markdown": ">=1.4.0"
            },
            "type": "cascade-plugin",
            "extra": {
                "plugin": "book"
            },
            "license": [
                "Apache-2.0"
            ],
            "authors": [
                {
                    "name": "Josef Kufner",
                    "email": "jk@frozen-doe.net"
                }
            ],
            "description": "...",
            "time": "2014-01-22 00:48:37"
        },
        {
            "name": "cascade/composer-plugin",
            "version": "v1.1",
            "source": {
                "type": "git",
                "url": "ssh://git@akvarko.frozen-doe.net/cascade/composer-plugin.git",
                "reference": "cbad9e45ab2fde398e2a741d594acd90c54b8f2b"
            },
            "type": "composer-installer",
            "extra": {
                "class": "Cascade\\ComposerPlugin\\Installer"
            },
            "autoload": {
                "psr-4": {
                    "Cascade\\ComposerPlugin\\": "src/"
                }
            },
            "license": [
                "MIT"
            ],
            "description": "A Composer installer",
            "time": "2014-01-05 01:10:08"
        },
        {
            "name": "cascade/core",
            "version": "dev-master",
            "source": {
                "type": "git",
                "url": "ssh://git@akvarko.frozen-doe.net/cascade/core.git",
                "reference": "eed7c52dab041c1653dd5c4b70945ccb5711c229"
            },
            "require": {
                "cascade/composer-plugin": ">=1.1",
                "php": ">=5.3.3"
            },
            "type": "cascade-core",
            "autoload": {
                "psr-4": {
                    "Cascade\\Core\\": "class/"
                }
            },
            "license": [
                "Apache-2.0"
            ],
            "authors": [
                {
                    "name": "Josef Kufner",
                    "email": "jk@frozen-doe.net"
                }
            ],
            "description": "Core of the framework",
            "time": "2014-05-28 02:29:16"
        },
        {
            "name": "cascade/developers_manual",
            "version": "dev-master",
            "source": {
                "type": "git",
                "url": "ssh://git@akvarko.frozen-doe.net/cascade/plugin/developers_manual.git",
                "reference": "6c57ea492b6dab6e12cc083fb5119de4ff556648"
            },
            "require": {
                "cascade/book": "dev-master",
                "cascade/composer-plugin": ">=1.1"
            },
            "type": "cascade-plugin",
            "extra": {
                "plugin": "developers_manual"
            },
            "license": [
                "CC BY-SA"
            ],
            "authors": [
                {
                    "name": "Josef Kufner",
                    "email": "jk@frozen-doe.net"
                }
            ],
            "description": "Book: Developer's manual",
            "time": "2014-01-22 00:48:39"
        },
        {
            "name": "cascade/duf",
            "version": "dev-master",
            "source": {
                "type": "git",
                "url": "ssh://git@akvarko.frozen-doe.net/cascade/plugin/duf.git",
                "reference": "3dd807fa23f2a25ac15cc82858d267adc18a0e90"
            },
            "require": {
                "cascade/composer-plugin": ">=1.1",
                "cascade/core": ">=0.11"
            },
            "type": "cascade-plugin",
            "extra": {
                "plugin": "duf"
            },
            "autoload": {
                "psr-4": {
                    "Duf\\": "class/"
                }
            },
            "license": [
                "Apache-2.0"
            ],
            "authors": [
                {
                    "name": "Josef Kufner",
                    "email": "jk@frozen-doe.net"
                }
            ],
            "description": "DUF: Declarative Universal Forms",
            "time": "2014-05-26 09:27:35"
        },
        {
            "name": "cascade/git",
            "version": "dev-master",
            "source": {
                "type": "git",
                "url": "ssh://git@akvarko.frozen-doe.net/cascade/plugin/git.git",
                "reference": "a2bcae95685110091ee91a61a30a63fef9d34b8b"
            },
            "require": {
                "cascade/composer-plugin": ">=1.1",
                "frozen-doe.net/glip": "dev-master"
            },
            "type": "cascade-plugin",
            "extra": {
                "plugin": "git"
            },
            "license": [
                "Apache-2.0"
            ],
            "authors": [
                {
                    "name": "Josef Kufner",
                    "email": "jk@frozen-doe.net"
                }
            ],
            "description": "Load version info from Git repositories",
            "time": "2014-01-22 00:48:43"
        },
        {
            "name": "cascade/jsondb",
            "version": "dev-master",
            "source": {
                "type": "git",
                "url": "ssh://git@akvarko.frozen-doe.net/cascade/plugin/jsondb.git",
                "reference": "e676b55417d4dedcf8aa4edd9c2bfcda75c4ab94"
            },
            "require": {
                "cascade/composer-plugin": ">=1.1"
            },
            "type": "cascade-plugin",
            "extra": {
                "plugin": "jsondb"
            },
            "autoload": {
                "psr-4": {
                    "JsonDb\\": "class/"
                }
            },
            "license": [
                "Apache-2.0"
            ],
            "authors": [
                {
                    "name": "Josef Kufner",
                    "email": "jk@frozen-doe.net"
                }
            ],
            "description": "JSON Database browser",
            "time": "2014-01-22 00:48:46"
        },
        {
            "name": "cascade/smalldb",
            "version": "dev-master",
            "source": {
                "type": "git",
                "url": "ssh://git@akvarko.frozen-doe.net/cascade/plugin/smalldb.git",
                "reference": "e0e7833184b3a1ba8027639648c0c40621d40e3e"
            },
            "require": {
                "cascade/composer-plugin": ">=1.1",
                "cascade/core": ">=0.11"
            },
            "type": "cascade-plugin",
            "extra": {
                "plugin": "smalldb"
            },
            "autoload": {
                "psr-4": {
                    "Smalldb\\": "class/"
                }
            },
            "license": [
                "Apache-2.0"
            ],
            "authors": [
                {
                    "name": "Josef Kufner",
                    "email": "jk@frozen-doe.net"
                }
            ],
            "description": "Smalldb: State machine abstraction layer",
            "time": "2014-06-04 00:52:07"
        },
        {
            "name": "frozen-doe.net/glip",
            "version": "dev-master",
            "source": {
                "type": "git",
                "url": "ssh://git@akvarko.frozen-doe.net/glip.git",
                "reference": "43acd64c8347c256e63bbd80055744108f710189"
            },
            "require": {
                "php": ">=5.1"
            },
            "type": "library",
            "autoload": {
                "classmap": [
                    "lib/"
                ]
            },
            "license": [
                "GPL-2.0+"
            ],
            "authors": [
                {
                    "name": "Patrik Fimml"
                },
                {
                    "name": "Josef Kufner",
                    "email": "jk@frozen-doe.net"
                }
            ],
            "description": "Fork of Git Library In PHP",
            "time": "2014-01-04 23:34:34"
        },
        {
            "name": "michelf/php-markdown",
            "version": "1.4.1",
            "source": {
                "type": "git",
                "url": "https://github.com/michelf/php-markdown.git",
                "reference": "de9a19c7bf352d41cc99ed86c3c0ef17e87394b6"
            },
            "dist": {
                "type": "zip",
                "url": "https://api.github.com/repos/michelf/php-markdown/zipball/de9a19c7bf352d41cc99ed86c3c0ef17e87394b6",
                "reference": "de9a19c7bf352d41cc99ed86c3c0ef17e87394b6",
                "shasum": ""
            },
            "require": {
                "php": ">=5.3.0"
            },
            "type": "library",
            "extra": {
                "branch-alias": {
                    "dev-lib": "1.4.x-dev"
                }
            },
            "autoload": {
                "psr-0": {
                    "Michelf": ""
                }
            },
            "notification-url": "https://packagist.org/downloads/",
            "license": [
                "BSD-3-Clause"
            ],
            "authors": [
                {
                    "name": "Michel Fortin",
                    "email": "michel.fortin@michelf.ca",
                    "homepage": "http://michelf.ca/",
                    "role": "Developer"
                },
                {
                    "name": "John Gruber",
                    "homepage": "http://daringfireball.net/"
                }
            ],
            "description": "PHP Markdown",
            "homepage": "http://michelf.ca/projects/php-markdown/",
            "keywords": [
                "markdown"
            ],
            "time": "2014-05-05 02:43:50"
        }
    ],
    "packages-dev": [

    ],
    "aliases": [

    ],
    "minimum-stability": "dev",
    "stability-flags": {
        "cascade/core": 20,
        "cascade/admin": 20,
        "cascade/block_editor": 20,
        "cascade/book": 20,
        "cascade/developers_manual": 20,
        "cascade/duf": 20,
        "cascade/git": 20,
        "cascade/jsondb": 20,
        "cascade/smalldb": 20
    },
    "platform": [

    ],
    "platform-dev": [

    ]
}
