{
    "_readme": [
        "This file locks the dependencies of your project to a known state",
        "Read more about it at http://getcomposer.org/doc/01-basic-usage.md#composer-lock-the-lock-file",
        "This file is @generated automatically"
    ],
    "hash": "cb800956f07f099b0f2956895e7f8469",
    "packages": [
        {
            "name": "cascade/admin",
            "version": "dev-master",
            "source": {
                "type": "git",
                "url": "git@git.frozen-doe.net:cascade/administration.git",
                "reference": "55c3b73e858ed9c925737df7e8790dea3fba10a4"
            },
            "require": {
                "cascade/composer-plugin": ">=1.1",
                "cascade/core": ">=0.11"
            },
            "type": "cascade-plugin",
            "extra": {
                "plugin": "admin"
            },
            "license": [
                "Apache-2.0"
            ],
            "authors": [
                {
                    "name": "Josef Kufner",
                    "email": "jk@frozen-doe.net"
                }
            ],
            "description": "Administration infrastructure",
            "time": "2014-05-19 12:24:38"
        },
        {
            "name": "cascade/block_editor",
            "version": "dev-master",
            "source": {
                "type": "git",
                "url": "git@git.frozen-doe.net:cascade/block-editor.git",
                "reference": "687d1f61104fa429fbb0d5d16f28b97d4163ee8c"
            },
            "require": {
                "cascade/admin": "dev-master",
                "cascade/composer-plugin": ">=1.1"
            },
            "type": "cascade-plugin",
            "extra": {
                "plugin": "block_editor"
            },
            "license": [
                "Apache-2.0"
            ],
            "authors": [
                {
                    "name": "Josef Kufner",
                    "email": "jk@frozen-doe.net"
                }
            ],
            "description": "Visual block editor",
            "time": "2014-07-25 10:21:17"
        },
        {
            "name": "cascade/composer-plugin",
            "version": "v1.1",
            "source": {
                "type": "git",
                "url": "git@git.frozen-doe.net:cascade/composer-plugin.git",
                "reference": "cbad9e45ab2fde398e2a741d594acd90c54b8f2b"
            },
            "type": "composer-installer",
            "extra": {
                "class": "Cascade\\ComposerPlugin\\Installer"
            },
            "autoload": {
                "psr-4": {
                    "Cascade\\ComposerPlugin\\": "src/"
                }
            },
            "license": [
                "MIT"
            ],
            "description": "A Composer installer",
            "time": "2014-01-05 01:10:08"
        },
        {
            "name": "cascade/core",
            "version": "dev-master",
            "source": {
                "type": "git",
                "url": "git@git.frozen-doe.net:cascade/core.git",
                "reference": "1af41e0cb02f7331a5b54c5a44a5a7b16d714185"
            },
            "require": {
                "cascade/composer-plugin": ">=1.1",
                "ext-apcu": "*",
                "ext-gettext": "*",
                "ext-json": "*",
                "php": ">=5.3.3"
            },
            "type": "cascade-core",
            "autoload": {
                "psr-4": {
                    "Cascade\\Core\\": "class/"
                }
            },
            "license": [
                "Apache-2.0"
            ],
            "authors": [
                {
                    "name": "Josef Kufner",
                    "email": "jk@frozen-doe.net"
                }
            ],
            "description": "Core of the framework",
            "time": "2014-10-02 10:01:14"
        },
        {
            "name": "cascade/duf",
            "version": "dev-master",
            "source": {
                "type": "git",
                "url": "git@git.frozen-doe.net:cascade/duf.git",
                "reference": "c1fdf50f513a48a0d45f28020f786180d17e69ad"
            },
            "require": {
                "cascade/composer-plugin": ">=1.1",
                "cascade/core": ">=0.11"
            },
            "suggest": {
                "cascade/smalldb": "Generate field groups from state machine definition."
            },
            "type": "cascade-plugin",
            "extra": {
                "plugin": "duf"
            },
            "autoload": {
                "psr-4": {
                    "Duf\\": "class/"
                }
            },
            "license": [
                "Apache-2.0"
            ],
            "authors": [
                {
                    "name": "Josef Kufner",
                    "email": "jk@frozen-doe.net"
                }
            ],
            "description": "DUF: Declarative Universal Forms",
            "time": "2014-09-09 22:25:42"
        },
        {
            "name": "cascade/duf_editor",
            "version": "dev-master",
            "source": {
                "type": "git",
                "url": "git@git.frozen-doe.net:cascade/duf-editor.git",
                "reference": "90dcdb17994301070e2b528f1f8b466708ca3490"
            },
            "require": {
                "cascade/composer-plugin": ">=1.1",
                "cascade/core": ">=0.11",
                "cascade/duf": "*"
            },
            "type": "cascade-plugin",
            "extra": {
                "plugin": "duf_editor"
            },
            "autoload": {
                "psr-4": {
                    "DufEditor\\": "class/"
                }
            },
            "license": [
                "Apache-2.0"
            ],
            "authors": [
                {
                    "name": "Petr Rubeš",
                    "email": "rubespet@fel.cvut.cz"
                }
            ],
            "description": "Visual editor for Declarative Universal Forms",
            "time": "2014-10-02 09:00:52"
        },
        {
            "name": "cascade/git",
            "version": "dev-master",
            "source": {
                "type": "git",
                "url": "git@git.frozen-doe.net:cascade/git.git",
                "reference": "a2bcae95685110091ee91a61a30a63fef9d34b8b"
            },
            "require": {
                "cascade/composer-plugin": ">=1.1",
                "frozen-doe.net/glip": "dev-master"
            },
            "type": "cascade-plugin",
            "extra": {
                "plugin": "git"
            },
            "license": [
                "Apache-2.0"
            ],
            "authors": [
                {
                    "name": "Josef Kufner",
                    "email": "jk@frozen-doe.net"
                }
            ],
            "description": "Load version info from Git repositories",
            "time": "2014-01-22 00:48:43"
        },
        {
            "name": "cascade/smalldb",
            "version": "dev-master",
            "source": {
                "type": "git",
                "url": "git@git.frozen-doe.net:cascade/smalldb.git",
                "reference": "888c3d8603bf57fe20034b51ff887658755838ae"
            },
            "require": {
                "cascade/composer-plugin": ">=1.1",
                "cascade/core": ">=0.11",
                "php": ">=5.4"
            },
            "type": "cascade-plugin",
            "extra": {
                "plugin": "smalldb"
            },
            "autoload": {
                "psr-4": {
                    "Smalldb\\": "class/"
                }
            },
            "license": [
                "Apache-2.0"
            ],
            "authors": [
                {
                    "name": "Josef Kufner",
                    "email": "jk@frozen-doe.net"
                }
            ],
            "description": "Smalldb: State machine abstraction layer",
            "time": "2014-09-28 20:40:20"
        },
        {
            "name": "frozen-doe.net/glip",
            "version": "dev-master",
            "source": {
                "type": "git",
                "url": "git@git.frozen-doe.net:jk/glip.git",
                "reference": "43acd64c8347c256e63bbd80055744108f710189"
            },
            "require": {
                "php": ">=5.1"
            },
            "type": "library",
            "autoload": {
                "classmap": [
                    "lib/"
                ]
            },
            "license": [
                "GPL-2.0+"
            ],
            "authors": [
                {
                    "name": "Patrik Fimml"
                },
                {
                    "name": "Josef Kufner",
                    "email": "jk@frozen-doe.net"
                }
            ],
            "description": "Fork of Git Library In PHP",
            "time": "2014-01-04 23:34:34"
        }
    ],
    "packages-dev": [],
    "aliases": [],
    "minimum-stability": "dev",
    "stability-flags": {
        "cascade/core": 20,
        "cascade/admin": 20,
        "cascade/block_editor": 20,
        "cascade/duf": 20,
        "cascade/duf_editor": 20,
        "cascade/git": 20,
        "cascade/smalldb": 20
    },
    "prefer-stable": true,
    "platform": [],
    "platform-dev": []
}
