{
    "_readme": [
        "This file locks the dependencies of your project to a known state",
        "Read more about it at http://getcomposer.org/doc/01-basic-usage.md#composer-lock-the-lock-file"
    ],
    "hash": "4a04334b3dd6d78434c1a63b74736f62",
    "packages": [
        {
            "name": "cascade/admin",
            "version": "dev-master",
            "source": {
                "type": "git",
                "url": "ssh://git@akvarko.frozen-doe.net/cascade/plugin/admin.git",
                "reference": "51a9a34fa0061e6375c1b9f2647020d2b9696e43"
            },
            "require": {
                "cascade/composer-plugin": ">=1.1"
            },
            "type": "cascade-plugin",
            "extra": {
                "plugin": "admin"
            },
            "license": [
                "Apache-2.0"
            ],
            "authors": [
                {
                    "name": "Josef Kufner",
                    "email": "jk@frozen-doe.net"
                }
            ],
            "description": "Administration infrastructure",
            "time": "2014-01-18 00:12:54"
        },
        {
            "name": "cascade/block_editor",
            "version": "dev-master",
            "source": {
                "type": "git",
                "url": "ssh://git@akvarko.frozen-doe.net/cascade/plugin/block_editor.git",
                "reference": "d3a2836f1ddc0f65a2f69dd741b964cc5405547c"
            },
            "require": {
                "cascade/admin": "dev-master",
                "cascade/composer-plugin": ">=1.1"
            },
            "type": "cascade-plugin",
            "extra": {
                "plugin": "block_editor"
            },
            "license": [
                "Apache-2.0"
            ],
            "authors": [
                {
                    "name": "Josef Kufner",
                    "email": "jk@frozen-doe.net"
                }
            ],
            "description": "Visual block editor",
            "time": "2014-01-18 00:13:00"
        },
        {
            "name": "cascade/book",
            "version": "dev-master",
            "source": {
                "type": "git",
                "url": "ssh://git@akvarko.frozen-doe.net/cascade/plugin/book.git",
                "reference": "0b8dd79088aaeb8dc0648906462e2a4a47cbdf33"
            },
            "require": {
                "cascade/composer-plugin": ">=1.1",
                "michelf/php-markdown": ">=1.4.0"
            },
            "type": "cascade-plugin",
            "extra": {
                "plugin": "book"
            },
            "license": [
                "Apache-2.0"
            ],
            "authors": [
                {
                    "name": "Josef Kufner",
                    "email": "jk@frozen-doe.net"
                }
            ],
            "description": "...",
            "time": "2014-01-16 22:35:34"
        },
        {
            "name": "cascade/composer-plugin",
            "version": "v1.1",
            "source": {
                "type": "git",
                "url": "ssh://git@akvarko.frozen-doe.net/cascade/composer-plugin.git",
                "reference": "cbad9e45ab2fde398e2a741d594acd90c54b8f2b"
            },
            "type": "composer-installer",
            "extra": {
                "class": "Cascade\\ComposerPlugin\\Installer"
            },
            "autoload": {
                "psr-4": {
                    "Cascade\\ComposerPlugin\\": "src/"
                }
            },
            "license": [
                "MIT"
            ],
            "description": "A Composer installer",
            "time": "2014-01-05 01:10:08"
        },
        {
            "name": "cascade/core",
            "version": "dev-master",
            "source": {
                "type": "git",
                "url": "ssh://git@akvarko.frozen-doe.net/cascade/core.git",
                "reference": "c4a21d186e676eea402fb20b19cef4222fee677a"
            },
            "require": {
                "cascade/composer-plugin": ">=1.1",
                "php": ">=5.3.3"
            },
            "type": "cascade-core",
            "autoload": {
                "psr-4": {
                    "Cascade\\Core\\": "class/"
                }
            },
            "license": [
                "Apache-2.0"
            ],
            "authors": [
                {
                    "name": "Josef Kufner",
                    "email": "jk@frozen-doe.net"
                }
            ],
            "description": "Core of the framework",
            "time": "2014-01-20 16:39:26"
        },
        {
            "name": "cascade/developers_manual",
            "version": "dev-master",
            "source": {
                "type": "git",
                "url": "ssh://git@akvarko.frozen-doe.net/cascade/plugin/developers_manual.git",
                "reference": "7ab72464bcc96ec3e72e14fc5b74da92d4b2bf70"
            },
            "require": {
                "cascade/book": "dev-master",
                "cascade/composer-plugin": ">=1.1"
            },
            "type": "cascade-plugin",
            "extra": {
                "plugin": "developers_manual"
            },
            "license": [
                "CC BY-SA"
            ],
            "authors": [
                {
                    "name": "Josef Kufner",
                    "email": "jk@frozen-doe.net"
                }
            ],
            "description": "Book: Developer's manual",
            "time": "2014-01-16 22:35:54"
        },
        {
            "name": "cascade/duf",
            "version": "dev-master",
            "source": {
                "type": "git",
                "url": "ssh://git@akvarko.frozen-doe.net/cascade/plugin/duf.git",
                "reference": "0ed3aaf1eeae6faf14e9048fabcd40359f2011d5"
            },
            "require": {
                "cascade/composer-plugin": ">=1.1"
            },
            "type": "cascade-plugin",
            "extra": {
                "plugin": "duf"
            },
            "autoload": {
                "psr-4": {
                    "Duf\\": "class/"
                }
            },
            "license": [
                "Apache-2.0"
            ],
            "authors": [
                {
                    "name": "Josef Kufner",
                    "email": "jk@frozen-doe.net"
                }
            ],
            "description": "DUF: Declarative Universal Forms",
            "time": "2014-01-18 00:13:34"
        },
        {
            "name": "cascade/git",
            "version": "dev-master",
            "source": {
                "type": "git",
                "url": "ssh://git@akvarko.frozen-doe.net/cascade/plugin/git.git",
                "reference": "9a7a0ea7ee0bef0e383025609aeb16b95d13f3e0"
            },
            "require": {
                "cascade/composer-plugin": ">=1.1",
                "frozen-doe.net/glip": "dev-master"
            },
            "type": "cascade-plugin",
            "extra": {
                "plugin": "git"
            },
            "license": [
                "Apache-2.0"
            ],
            "authors": [
                {
                    "name": "Josef Kufner",
                    "email": "jk@frozen-doe.net"
                }
            ],
            "description": "Load version info from Git repositories",
            "time": "2014-01-18 00:13:43"
        },
        {
            "name": "cascade/jsondb",
            "version": "dev-master",
            "source": {
                "type": "git",
                "url": "ssh://git@akvarko.frozen-doe.net/cascade/plugin/jsondb.git",
                "reference": "4ae291276974261cc75c73597f1c0d4083cc6f39"
            },
            "require": {
                "cascade/composer-plugin": ">=1.1"
            },
            "type": "cascade-plugin",
            "extra": {
                "plugin": "jsondb"
            },
            "autoload": {
                "psr-4": {
                    "JsonDb\\": "class/"
                }
            },
            "license": [
                "Apache-2.0"
            ],
            "authors": [
                {
                    "name": "Josef Kufner",
                    "email": "jk@frozen-doe.net"
                }
            ],
            "description": "JSON Database browser",
            "time": "2014-01-18 00:13:54"
        },
        {
            "name": "cascade/smalldb",
            "version": "dev-master",
            "source": {
                "type": "git",
                "url": "ssh://git@akvarko.frozen-doe.net/cascade/plugin/smalldb.git",
                "reference": "0efc55eea2c49baaf84c897852d4cb5a575deeb1"
            },
            "require": {
                "cascade/composer-plugin": ">=1.1"
            },
            "type": "cascade-plugin",
            "extra": {
                "plugin": "smalldb"
            },
            "autoload": {
                "psr-4": {
                    "Smalldb\\": "class/"
                }
            },
            "license": [
                "Apache-2.0"
            ],
            "authors": [
                {
                    "name": "Josef Kufner",
                    "email": "jk@frozen-doe.net"
                }
            ],
            "description": "Smalldb: State machine abstraction layer",
            "time": "2014-01-20 16:32:57"
        },
        {
            "name": "frozen-doe.net/glip",
            "version": "dev-master",
            "source": {
                "type": "git",
                "url": "ssh://git@akvarko.frozen-doe.net/glip.git",
                "reference": "43acd64c8347c256e63bbd80055744108f710189"
            },
            "require": {
                "php": ">=5.1"
            },
            "type": "library",
            "autoload": {
                "classmap": [
                    "lib/"
                ]
            },
            "license": [
                "GPL-2.0+"
            ],
            "authors": [
                {
                    "name": "Patrik Fimml"
                },
                {
                    "name": "Josef Kufner",
                    "email": "jk@frozen-doe.net"
                }
            ],
            "description": "Fork of Git Library In PHP",
            "time": "2014-01-04 23:34:34"
        },
        {
            "name": "michelf/php-markdown",
            "version": "1.4.0",
            "source": {
                "type": "git",
                "url": "https://github.com/michelf/php-markdown.git",
                "reference": "96d8150406f67e683ef4acc09fef91785fef1266"
            },
            "dist": {
                "type": "zip",
                "url": "https://api.github.com/repos/michelf/php-markdown/zipball/96d8150406f67e683ef4acc09fef91785fef1266",
                "reference": "96d8150406f67e683ef4acc09fef91785fef1266",
                "shasum": ""
            },
            "require": {
                "php": ">=5.3.0"
            },
            "type": "library",
            "extra": {
                "branch-alias": {
                    "dev-lib": "1.4.x-dev"
                }
            },
            "autoload": {
                "psr-0": {
                    "Michelf": ""
                }
            },
            "notification-url": "https://packagist.org/downloads/",
            "license": [
                "BSD-3-Clause"
            ],
            "authors": [
                {
                    "name": "Michel Fortin",
                    "email": "michel.fortin@michelf.ca",
                    "homepage": "http://michelf.ca/",
                    "role": "Developer"
                },
                {
                    "name": "John Gruber",
                    "homepage": "http://daringfireball.net/"
                }
            ],
            "description": "PHP Markdown",
            "homepage": "http://michelf.ca/projects/php-markdown/",
            "keywords": [
                "markdown"
            ],
            "time": "2013-11-29 17:09:24"
        }
    ],
    "packages-dev": [

    ],
    "aliases": [

    ],
    "minimum-stability": "dev",
    "stability-flags": {
        "cascade/core": 20,
        "cascade/admin": 20,
        "cascade/block_editor": 20,
        "cascade/book": 20,
        "cascade/developers_manual": 20,
        "cascade/duf": 20,
        "cascade/git": 20,
        "cascade/jsondb": 20,
        "cascade/smalldb": 20
    },
    "platform": [

    ],
    "platform-dev": [

    ]
}
